# THIS IS AN AUTOGENERATED FILE. DO NOT EDIT THIS FILE DIRECTLY.
# yarn lockfile v1


async-validate@^1.0.1:
  version "1.0.1"
  resolved "https://registry.yarnpkg.com/async-validate/-/async-validate-1.0.1.tgz#09951c06aff1248869303f9679ef4374dad7e7a1"
  integrity sha1-CZUcBq/xJIhpMD+Wee9DdNrX56E=
  dependencies:
    format-util "~1.0.3"
    zephyr "~1.3.5"

async-validator@^3.5.1:
  version "3.5.1"
  resolved "https://registry.yarnpkg.com/async-validator/-/async-validator-3.5.1.tgz#cd62b9688b2465f48420e27adb47760ab1b5559f"
  integrity sha512-DDmKA7sdSAJtTVeNZHrnr2yojfFaoeW8MfQN8CeuXg8DDQHTqKk9Fdv38dSvnesHoO8MUwMI2HphOeSyIF+wmQ==

format-util@~1.0.3:
  version "1.0.5"
  resolved "https://registry.yarnpkg.com/format-util/-/format-util-1.0.5.tgz#1ffb450c8a03e7bccffe40643180918cc297d271"
  integrity sha512-varLbTj0e0yVyRpqQhuWV+8hlePAgaoFRhNFj50BNjEIrw1/DphHSObtqwskVCPWNgzwPoQrZAbfa/SBiicNeg==

zephyr@~1.3.5:
  version "1.3.6"
  resolved "https://registry.yarnpkg.com/zephyr/-/zephyr-1.3.6.tgz#6e40fffd1ce53363ab21ab3e839fdec266bc15a8"
  integrity sha1-bkD//RzlM2OrIas+g5/ewma8Fag=
